// !$*UTF8*$!
{
	archiveVersion = 1;
	classes = {
	};
	objectVersion = 46;
	objects = {

/* Begin PBXBuildFile section */
		E282F32F18AD729800866D9F /* Foundation.framework in Frameworks */ = {isa = PBXBuildFile; fileRef = E282F32E18AD729800866D9F /* Foundation.framework */; };
		E282F33118AD729800866D9F /* CoreGraphics.framework in Frameworks */ = {isa = PBXBuildFile; fileRef = E282F33018AD729800866D9F /* CoreGraphics.framework */; };
		E282F33318AD729800866D9F /* UIKit.framework in Frameworks */ = {isa = PBXBuildFile; fileRef = E282F33218AD729800866D9F /* UIKit.framework */; };
		E282F33918AD729800866D9F /* InfoPlist.strings in Resources */ = {isa = PBXBuildFile; fileRef = E282F33718AD729800866D9F /* InfoPlist.strings */; };
		E282F33B18AD729800866D9F /* main.m in Sources */ = {isa = PBXBuildFile; fileRef = E282F33A18AD729800866D9F /* main.m */; };
		E282F33F18AD729800866D9F /* RVAppDelegate.m in Sources */ = {isa = PBXBuildFile; fileRef = E282F33E18AD729800866D9F /* RVAppDelegate.m */; };
		E282F34218AD729800866D9F /* Main.storyboard in Resources */ = {isa = PBXBuildFile; fileRef = E282F34018AD729800866D9F /* Main.storyboard */; };
		E282F34518AD729800866D9F /* RVViewController.m in Sources */ = {isa = PBXBuildFile; fileRef = E282F34418AD729800866D9F /* RVViewController.m */; };
		E282F34718AD729800866D9F /* Images.xcassets in Resources */ = {isa = PBXBuildFile; fileRef = E282F34618AD729800866D9F /* Images.xcassets */; };
		E282F34E18AD729800866D9F /* XCTest.framework in Frameworks */ = {isa = PBXBuildFile; fileRef = E282F34D18AD729800866D9F /* XCTest.framework */; };
		E282F34F18AD729800866D9F /* Foundation.framework in Frameworks */ = {isa = PBXBuildFile; fileRef = E282F32E18AD729800866D9F /* Foundation.framework */; };
		E282F35018AD729800866D9F /* UIKit.framework in Frameworks */ = {isa = PBXBuildFile; fileRef = E282F33218AD729800866D9F /* UIKit.framework */; };
		E282F35818AD729800866D9F /* InfoPlist.strings in Resources */ = {isa = PBXBuildFile; fileRef = E282F35618AD729800866D9F /* InfoPlist.strings */; };
		E282F35A18AD729800866D9F /* Feet_to_Yards_converterTests.m in Sources */ = {isa = PBXBuildFile; fileRef = E282F35918AD729800866D9F /* Feet_to_Yards_converterTests.m */; };
/* End PBXBuildFile section */

/* Begin PBXContainerItemProxy section */
		E282F35118AD729800866D9F /* PBXContainerItemProxy */ = {
			isa = PBXContainerItemProxy;
			containerPortal = E282F32318AD729800866D9F /* Project object */;
			proxyType = 1;
			remoteGlobalIDString = E282F32A18AD729800866D9F;
			remoteInfo = "Feet to Yards converter";
		};
/* End PBXContainerItemProxy section */

/* Begin PBXFileReference section */
		E282F32B18AD729800866D9F /* Feet to Yards converter.app */ = {isa = PBXFileReference; explicitFileType = wrapper.application; includeInIndex = 0; path = "Feet to Yards converter.app"; sourceTree = BUILT_PRODUCTS_DIR; };
		E282F32E18AD729800866D9F /* Foundation.framework */ = {isa = PBXFileReference; lastKnownFileType = wrapper.framework; name = Foundation.framework; path = System/Library/Frameworks/Foundation.framework; sourceTree = SDKROOT; };
		E282F33018AD729800866D9F /* CoreGraphics.framework */ = {isa = PBXFileReference; lastKnownFileType = wrapper.framework; name = CoreGraphics.framework; path = System/Library/Frameworks/CoreGraphics.framework; sourceTree = SDKROOT; };
		E282F33218AD729800866D9F /* UIKit.framework */ = {isa = PBXFileReference; lastKnownFileType = wrapper.framework; name = UIKit.framework; path = System/Library/Frameworks/UIKit.framework; sourceTree = SDKROOT; };
		E282F33618AD729800866D9F /* Feet to Yards converter-Info.plist */ = {isa = PBXFileReference; lastKnownFileType = text.plist.xml; path = "Feet to Yards converter-Info.plist"; sourceTree = "<group>"; };
		E282F33818AD729800866D9F /* en */ = {isa = PBXFileReference; lastKnownFileType = text.plist.strings; name = en; path = en.lproj/InfoPlist.strings; sourceTree = "<group>"; };
		E282F33A18AD729800866D9F /* main.m */ = {isa = PBXFileReference; lastKnownFileType = sourcecode.c.objc; path = main.m; sourceTree = "<group>"; };
		E282F33C18AD729800866D9F /* Feet to Yards converter-Prefix.pch */ = {isa = PBXFileReference; lastKnownFileType = sourcecode.c.h; path = "Feet to Yards converter-Prefix.pch"; sourceTree = "<group>"; };
		E282F33D18AD729800866D9F /* RVAppDelegate.h */ = {isa = PBXFileReference; lastKnownFileType = sourcecode.c.h; path = RVAppDelegate.h; sourceTree = "<group>"; };
		E282F33E18AD729800866D9F /* RVAppDelegate.m */ = {isa = PBXFileReference; lastKnownFileType = sourcecode.c.objc; path = RVAppDelegate.m; sourceTree = "<group>"; };
		E282F34118AD729800866D9F /* Base */ = {isa = PBXFileReference; lastKnownFileType = file.storyboard; name = Base; path = Base.lproj/Main.storyboard; sourceTree = "<group>"; };
		E282F34318AD729800866D9F /* RVViewController.h */ = {isa = PBXFileReference; lastKnownFileType = sourcecode.c.h; path = RVViewController.h; sourceTree = "<group>"; };
		E282F34418AD729800866D9F /* RVViewController.m */ = {isa = PBXFileReference; lastKnownFileType = sourcecode.c.objc; path = RVViewController.m; sourceTree = "<group>"; };
		E282F34618AD729800866D9F /* Images.xcassets */ = {isa = PBXFileReference; lastKnownFileType = folder.assetcatalog; path = Images.xcassets; sourceTree = "<group>"; };
		E282F34C18AD729800866D9F /* Feet to Yards converterTests.xctest */ = {isa = PBXFileReference; explicitFileType = wrapper.cfbundle; includeInIndex = 0; path = "Feet to Yards converterTests.xctest"; sourceTree = BUILT_PRODUCTS_DIR; };
		E282F34D18AD729800866D9F /* XCTest.framework */ = {isa = PBXFileReference; lastKnownFileType = wrapper.framework; name = XCTest.framework; path = Library/Frameworks/XCTest.framework; sourceTree = DEVELOPER_DIR; };
		E282F35518AD729800866D9F /* Feet to Yards converterTests-Info.plist */ = {isa = PBXFileReference; lastKnownFileType = text.plist.xml; path = "Feet to Yards converterTests-Info.plist"; sourceTree = "<group>"; };
		E282F35718AD729800866D9F /* en */ = {isa = PBXFileReference; lastKnownFileType = text.plist.strings; name = en; path = en.lproj/InfoPlist.strings; sourceTree = "<group>"; };
		E282F35918AD729800866D9F /* Feet_to_Yards_converterTests.m */ = {isa = PBXFileReference; lastKnownFileType = sourcecode.c.objc; path = Feet_to_Yards_converterTests.m; sourceTree = "<group>"; };
/* End PBXFileReference section */

/* Begin PBXFrameworksBuildPhase section */
		E282F32818AD729800866D9F /* Frameworks */ = {
			isa = PBXFrameworksBuildPhase;
			buildActionMask = 2147483647;
			files = (
				E282F33118AD729800866D9F /* CoreGraphics.framework in Frameworks */,
				E282F33318AD729800866D9F /* UIKit.framework in Frameworks */,
				E282F32F18AD729800866D9F /* Foundation.framework in Frameworks */,
			);
			runOnlyForDeploymentPostprocessing = 0;
		};
		E282F34918AD729800866D9F /* Frameworks */ = {
			isa = PBXFrameworksBuildPhase;
			buildActionMask = 2147483647;
			files = (
				E282F34E18AD729800866D9F /* XCTest.framework in Frameworks */,
				E282F35018AD729800866D9F /* UIKit.framework in Frameworks */,
				E282F34F18AD729800866D9F /* Foundation.framework in Frameworks */,
			);
			runOnlyForDeploymentPostprocessing = 0;
		};
/* End PBXFrameworksBuildPhase section */

/* Begin PBXGroup section */
		E282F32218AD729800866D9F = {
			isa = PBXGroup;
			children = (
				E282F33418AD729800866D9F /* Feet to Yards converter */,
				E282F35318AD729800866D9F /* Feet to Yards converterTests */,
				E282F32D18AD729800866D9F /* Frameworks */,
				E282F32C18AD729800866D9F /* Products */,
			);
			sourceTree = "<group>";
		};
		E282F32C18AD729800866D9F /* Products */ = {
			isa = PBXGroup;
			children = (
				E282F32B18AD729800866D9F /* Feet to Yards converter.app */,
				E282F34C18AD729800866D9F /* Feet to Yards converterTests.xctest */,
			);
			name = Products;
			sourceTree = "<group>";
		};
		E282F32D18AD729800866D9F /* Frameworks */ = {
			isa = PBXGroup;
			children = (
				E282F32E18AD729800866D9F /* Foundation.framework */,
				E282F33018AD729800866D9F /* CoreGraphics.framework */,
				E282F33218AD729800866D9F /* UIKit.framework */,
				E282F34D18AD729800866D9F /* XCTest.framework */,
			);
			name = Frameworks;
			sourceTree = "<group>";
		};
		E282F33418AD729800866D9F /* Feet to Yards converter */ = {
			isa = PBXGroup;
			children = (
				E282F33D18AD729800866D9F /* RVAppDelegate.h */,
				E282F33E18AD729800866D9F /* RVAppDelegate.m */,
				E282F34018AD729800866D9F /* Main.storyboard */,
				E282F34318AD729800866D9F /* RVViewController.h */,
				E282F34418AD729800866D9F /* RVViewController.m */,
				E282F34618AD729800866D9F /* Images.xcassets */,
				E282F33518AD729800866D9F /* Supporting Files */,
			);
			path = "Feet to Yards converter";
			sourceTree = "<group>";
		};
		E282F33518AD729800866D9F /* Supporting Files */ = {
			isa = PBXGroup;
			children = (
				E282F33618AD729800866D9F /* Feet to Yards converter-Info.plist */,
				E282F33718AD729800866D9F /* InfoPlist.strings */,
				E282F33A18AD729800866D9F /* main.m */,
				E282F33C18AD729800866D9F /* Feet to Yards converter-Prefix.pch */,
			);
			name = "Supporting Files";
			sourceTree = "<group>";
		};
		E282F35318AD729800866D9F /* Feet to Yards converterTests */ = {
			isa = PBXGroup;
			children = (
				E282F35918AD729800866D9F /* Feet_to_Yards_converterTests.m */,
				E282F35418AD729800866D9F /* Supporting Files */,
			);
			path = "Feet to Yards converterTests";
			sourceTree = "<group>";
		};
		E282F35418AD729800866D9F /* Supporting Files */ = {
			isa = PBXGroup;
			children = (
				E282F35518AD729800866D9F /* Feet to Yards converterTests-Info.plist */,
				E282F35618AD729800866D9F /* InfoPlist.strings */,
			);
			name = "Supporting Files";
			sourceTree = "<group>";
		};
/* End PBXGroup section */

/* Begin PBXNativeTarget section */
		E282F32A18AD729800866D9F /* Feet to Yards converter */ = {
			isa = PBXNativeTarget;
			buildConfigurationList = E282F35D18AD729800866D9F /* Build configuration list for PBXNativeTarget "Feet to Yards converter" */;
			buildPhases = (
				E282F32718AD729800866D9F /* Sources */,
				E282F32818AD729800866D9F /* Frameworks */,
				E282F32918AD729800866D9F /* Resources */,
			);
			buildRules = (
			);
			dependencies = (
			);
			name = "Feet to Yards converter";
			productName = "Feet to Yards converter";
			productReference = E282F32B18AD729800866D9F /* Feet to Yards converter.app */;
			productType = "com.apple.product-type.application";
		};
		E282F34B18AD729800866D9F /* Feet to Yards converterTests */ = {
			isa = PBXNativeTarget;
			buildConfigurationList = E282F36018AD729800866D9F /* Build configuration list for PBXNativeTarget "Feet to Yards converterTests" */;
			buildPhases = (
				E282F34818AD729800866D9F /* Sources */,
				E282F34918AD729800866D9F /* Frameworks */,
				E282F34A18AD729800866D9F /* Resources */,
			);
			buildRules = (
			);
			dependencies = (
				E282F35218AD729800866D9F /* PBXTargetDependency */,
			);
			name = "Feet to Yards converterTests";
			productName = "Feet to Yards converterTests";
			productReference = E282F34C18AD729800866D9F /* Feet to Yards converterTests.xctest */;
			productType = "com.apple.product-type.bundle.unit-test";
		};
/* End PBXNativeTarget section */

/* Begin PBXProject section */
		E282F32318AD729800866D9F /* Project object */ = {
			isa = PBXProject;
			attributes = {
				CLASSPREFIX = RV;
				LastUpgradeCheck = 0500;
				ORGANIZATIONNAME = "Randy Varela";
				TargetAttributes = {
					E282F34B18AD729800866D9F = {
						TestTargetID = E282F32A18AD729800866D9F;
					};
				};
			};
			buildConfigurationList = E282F32618AD729800866D9F /* Build configuration list for PBXProject "Feet to Yards converter" */;
			compatibilityVersion = "Xcode 3.2";
			developmentRegion = English;
			hasScannedForEncodings = 0;
			knownRegions = (
				en,
				Base,
			);
			mainGroup = E282F32218AD729800866D9F;
			productRefGroup = E282F32C18AD729800866D9F /* Products */;
			projectDirPath = "";
			projectRoot = "";
			targets = (
				E282F32A18AD729800866D9F /* Feet to Yards converter */,
				E282F34B18AD729800866D9F /* Feet to Yards converterTests */,
			);
		};
/* End PBXProject section */

/* Begin PBXResourcesBuildPhase section */
		E282F32918AD729800866D9F /* Resources */ = {
			isa = PBXResourcesBuildPhase;
			buildActionMask = 2147483647;
			files = (
				E282F34718AD729800866D9F /* Images.xcassets in Resources */,
				E282F33918AD729800866D9F /* InfoPlist.strings in Resources */,
				E282F34218AD729800866D9F /* Main.storyboard in Resources */,
			);
			runOnlyForDeploymentPostprocessing = 0;
		};
		E282F34A18AD729800866D9F /* Resources */ = {
			isa = PBXResourcesBuildPhase;
			buildActionMask = 2147483647;
			files = (
				E282F35818AD729800866D9F /* InfoPlist.strings in Resources */,
			);
			runOnlyForDeploymentPostprocessing = 0;
		};
/* End PBXResourcesBuildPhase section */

/* Begin PBXSourcesBuildPhase section */
		E282F32718AD729800866D9F /* Sources */ = {
			isa = PBXSourcesBuildPhase;
			buildActionMask = 2147483647;
			files = (
				E282F33F18AD729800866D9F /* RVAppDelegate.m in Sources */,
				E282F34518AD729800866D9F /* RVViewController.m in Sources */,
				E282F33B18AD729800866D9F /* main.m in Sources */,
			);
			runOnlyForDeploymentPostprocessing = 0;
		};
		E282F34818AD729800866D9F /* Sources */ = {
			isa = PBXSourcesBuildPhase;
			buildActionMask = 2147483647;
			files = (
				E282F35A18AD729800866D9F /* Feet_to_Yards_converterTests.m in Sources */,
			);
			runOnlyForDeploymentPostprocessing = 0;
		};
/* End PBXSourcesBuildPhase section */

/* Begin PBXTargetDependency section */
		E282F35218AD729800866D9F /* PBXTargetDependency */ = {
			isa = PBXTargetDependency;
			target = E282F32A18AD729800866D9F /* Feet to Yards converter */;
			targetProxy = E282F35118AD729800866D9F /* PBXContainerItemProxy */;
		};
/* End PBXTargetDependency section */

/* Begin PBXVariantGroup section */
		E282F33718AD729800866D9F /* InfoPlist.strings */ = {
			isa = PBXVariantGroup;
			children = (
				E282F33818AD729800866D9F /* en */,
			);
			name = InfoPlist.strings;
			sourceTree = "<group>";
		};
		E282F34018AD729800866D9F /* Main.storyboard */ = {
			isa = PBXVariantGroup;
			children = (
				E282F34118AD729800866D9F /* Base */,
			);
			name = Main.storyboard;
			sourceTree = "<group>";
		};
		E282F35618AD729800866D9F /* InfoPlist.strings */ = {
			isa = PBXVariantGroup;
			children = (
				E282F35718AD729800866D9F /* en */,
			);
			name = InfoPlist.strings;
			sourceTree = "<group>";
		};
/* End PBXVariantGroup section */

/* Begin XCBuildConfiguration section */
		E282F35B18AD729800866D9F /* Debug */ = {
			isa = XCBuildConfiguration;
			buildSettings = {
				ALWAYS_SEARCH_USER_PATHS = NO;
				ARCHS = "$(ARCHS_STANDARD_INCLUDING_64_BIT)";
				CLANG_CXX_LANGUAGE_STANDARD = "gnu++0x";
				CLANG_CXX_LIBRARY = "libc++";
				CLANG_ENABLE_MODULES = YES;
				CLANG_ENABLE_OBJC_ARC = YES;
				CLANG_WARN_BOOL_CONVERSION = YES;
				CLANG_WARN_CONSTANT_CONVERSION = YES;
				CLANG_WARN_DIRECT_OBJC_ISA_USAGE = YES_ERROR;
				CLANG_WARN_EMPTY_BODY = YES;
				CLANG_WARN_ENUM_CONVERSION = YES;
				CLANG_WARN_INT_CONVERSION = YES;
				CLANG_WARN_OBJC_ROOT_CLASS = YES_ERROR;
				CLANG_WARN__DUPLICATE_METHOD_MATCH = YES;
				"CODE_SIGN_IDENTITY[sdk=iphoneos*]" = "iPhone Developer";
				COPY_PHASE_STRIP = NO;
				GCC_C_LANGUAGE_STANDARD = gnu99;
				GCC_DYNAMIC_NO_PIC = NO;
				GCC_OPTIMIZATION_LEVEL = 0;
				GCC_PREPROCESSOR_DEFINITIONS = (
					"DEBUG=1",
					"$(inherited)",
				);
				GCC_SYMBOLS_PRIVATE_EXTERN = NO;
				GCC_WARN_64_TO_32_BIT_CONVERSION = YES;
				GCC_WARN_ABOUT_RETURN_TYPE = YES_ERROR;
				GCC_WARN_UNDECLARED_SELECTOR = YES;
				GCC_WARN_UNINITIALIZED_AUTOS = YES;
				GCC_WARN_UNUSED_FUNCTION = YES;
				GCC_WARN_UNUSED_VARIABLE = YES;
				IPHONEOS_DEPLOYMENT_TARGET = 7.0;
				ONLY_ACTIVE_ARCH = YES;
				SDKROOT = iphoneos;
			};
			name = Debug;
		};
		E282F35C18AD729800866D9F /* Release */ = {
			isa = XCBuildConfiguration;
			buildSettings = {
				ALWAYS_SEARCH_USER_PATHS = NO;
				ARCHS = "$(ARCHS_STANDARD_INCLUDING_64_BIT)";
				CLANG_CXX_LANGUAGE_STANDARD = "gnu++0x";
				CLANG_CXX_LIBRARY = "libc++";
				CLANG_ENABLE_MODULES = YES;
				CLANG_ENABLE_OBJC_ARC = YES;
				CLANG_WARN_BOOL_CONVERSION = YES;
				CLANG_WARN_CONSTANT_CONVERSION = YES;
				CLANG_WARN_DIRECT_OBJC_ISA_USAGE = YES_ERROR;
				CLANG_WARN_EMPTY_BODY = YES;
				CLANG_WARN_ENUM_CONVERSION = YES;
				CLANG_WARN_INT_CONVERSION = YES;
				CLANG_WARN_OBJC_ROOT_CLASS = YES_ERROR;
				CLANG_WARN__DUPLICATE_METHOD_MATCH = YES;
				"CODE_SIGN_IDENTITY[sdk=iphoneos*]" = "iPhone Developer";
				COPY_PHASE_STRIP = YES;
				ENABLE_NS_ASSERTIONS = NO;
				GCC_C_LANGUAGE_STANDARD = gnu99;
				GCC_WARN_64_TO_32_BIT_CONVERSION = YES;
				GCC_WARN_ABOUT_RETURN_TYPE = YES_ERROR;
				GCC_WARN_UNDECLARED_SELECTOR = YES;
				GCC_WARN_UNINITIALIZED_AUTOS = YES;
				GCC_WARN_UNUSED_FUNCTION = YES;
				GCC_WARN_UNUSED_VARIABLE = YES;
				IPHONEOS_DEPLOYMENT_TARGET = 7.0;
				SDKROOT = iphoneos;
				VALIDATE_PRODUCT = YES;
			};
			name = Release;
		};
		E282F35E18AD729800866D9F /* Debug */ = {
			isa = XCBuildConfiguration;
			buildSettings = {
				ASSETCATALOG_COMPILER_APPICON_NAME = AppIcon;
				ASSETCATALOG_COMPILER_LAUNCHIMAGE_NAME = LaunchImage;
				GCC_PRECOMPILE_PREFIX_HEADER = YES;
				GCC_PREFIX_HEADER = "Feet to Yards converter/Feet to Yards converter-Prefix.pch";
				INFOPLIST_FILE = "Feet to Yards converter/Feet to Yards converter-Info.plist";
				PRODUCT_NAME = "$(TARGET_NAME)";
				WRAPPER_EXTENSION = app;
			};
			name = Debug;
		};
		E282F35F18AD729800866D9F /* Release */ = {
			isa = XCBuildConfiguration;
			buildSettings = {
				ASSETCATALOG_COMPILER_APPICON_NAME = AppIcon;
				ASSETCATALOG_COMPILER_LAUNCHIMAGE_NAME = LaunchImage;
				GCC_PRECOMPILE_PREFIX_HEADER = YES;
				GCC_PREFIX_HEADER = "Feet to Yards converter/Feet to Yards converter-Prefix.pch";
				INFOPLIST_FILE = "Feet to Yards converter/Feet to Yards converter-Info.plist";
				PRODUCT_NAME = "$(TARGET_NAME)";
				WRAPPER_EXTENSION = app;
			};
			name = Release;
		};
		E282F36118AD729800866D9F /* Debug */ = {
			isa = XCBuildConfiguration;
			buildSettings = {
				ARCHS = "$(ARCHS_STANDARD_INCLUDING_64_BIT)";
				BUNDLE_LOADER = "$(BUILT_PRODUCTS_DIR)/Feet to Yards converter.app/Feet to Yards converter";
				FRAMEWORK_SEARCH_PATHS = (
					"$(SDKROOT)/Developer/Library/Frameworks",
					"$(inherited)",
					"$(DEVELOPER_FRAMEWORKS_DIR)",
				);
				GCC_PRECOMPILE_PREFIX_HEADER = YES;
				GCC_PREFIX_HEADER = "Feet to Yards converter/Feet to Yards converter-Prefix.pch";
				GCC_PREPROCESSOR_DEFINITIONS = (
					"DEBUG=1",
					"$(inherited)",
				);
				INFOPLIST_FILE = "Feet to Yards converterTests/Feet to Yards converterTests-Info.plist";
				PRODUCT_NAME = "$(TARGET_NAME)";
				TEST_HOST = "$(BUNDLE_LOADER)";
				WRAPPER_EXTENSION = xctest;
			};
			name = Debug;
		};
		E282F36218AD729800866D9F /* Release */ = {
			isa = XCBuildConfiguration;
			buildSettings = {
				ARCHS = "$(ARCHS_STANDARD_INCLUDING_64_BIT)";
				BUNDLE_LOADER = "$(BUILT_PRODUCTS_DIR)/Feet to Yards converter.app/Feet to Yards converter";
				FRAMEWORK_SEARCH_PATHS = (
					"$(SDKROOT)/Developer/Library/Frameworks",
					"$(inherited)",
					"$(DEVELOPER_FRAMEWORKS_DIR)",
				);
				GCC_PRECOMPILE_PREFIX_HEADER = YES;
				GCC_PREFIX_HEADER = "Feet to Yards converter/Feet to Yards converter-Prefix.pch";
				INFOPLIST_FILE = "Feet to Yards converterTests/Feet to Yards converterTests-Info.plist";
				PRODUCT_NAME = "$(TARGET_NAME)";
				TEST_HOST = "$(BUNDLE_LOADER)";
				WRAPPER_EXTENSION = xctest;
			};
			name = Release;
		};
/* End XCBuildConfiguration section */

/* Begin XCConfigurationList section */
		E282F32618AD729800866D9F /* Build configuration list for PBXProject "Feet to Yards converter" */ = {
			isa = XCConfigurationList;
			buildConfigurations = (
				E282F35B18AD729800866D9F /* Debug */,
				E282F35C18AD729800866D9F /* Release */,
			);
			defaultConfigurationIsVisible = 0;
			defaultConfigurationName = Release;
		};
		E282F35D18AD729800866D9F /* Build configuration list for PBXNativeTarget "Feet to Yards converter" */ = {
			isa = XCConfigurationList;
			buildConfigurations = (
				E282F35E18AD729800866D9F /* Debug */,
				E282F35F18AD729800866D9F /* Release */,
			);
			defaultConfigurationIsVisible = 0;
		};
		E282F36018AD729800866D9F /* Build configuration list for PBXNativeTarget "Feet to Yards converterTests" */ = {
			isa = XCConfigurationList;
			buildConfigurations = (
				E282F36118AD729800866D9F /* Debug */,
				E282F36218AD729800866D9F /* Release */,
			);
			defaultConfigurationIsVisible = 0;
		};
/* End XCConfigurationList section */
	};
	rootObject = E282F32318AD729800866D9F /* Project object */;
}
